
Microsoft Visual Studio Solution File, Format Version 12.00
# Visual Studio 15
VisualStudioVersion = 15.0.27004.2008
MinimumVisualStudioVersion = 10.0.40219.1
Project("{2150E333-8FDC-42A3-9474-1A3956D46DE8}") = "src", "src", "{51749A99-8C1D-4344-915A-C3CB43042735}"
EndProject
Project("{2150E333-8FDC-42A3-9474-1A3956D46DE8}") = "platforms", "platforms", "{4AC26E12-0D30-42AB-AC58-B11CFE8B2646}"
EndProject
Project("{9A19103F-16F7-4668-BE54-9A1E7A4F7556}") = "StaggeredGridView.Core", "src\StaggeredGridView.Core\StaggeredGridView.Core.csproj", "{7948F21A-A5F4-49E1-89BE-9A2E0C0A817A}"
EndProject
Project("{FAE04EC0-301F-11D3-BF4B-00C04F79EFBC}") = "StaggeredGridView.Droid", "src\Platforms\StaggeredGridView.Droid\StaggeredGridView.Droid.csproj", "{17A6BD39-0991-41FD-A361-F890D48A34F1}"
EndProject
Project("{FAE04EC0-301F-11D3-BF4B-00C04F79EFBC}") = "StaggeredGridView.iOS", "src\Platforms\StaggeredGridView.iOS\StaggeredGridView.iOS.csproj", "{BAB1EB1D-546D-45C4-8101-416A61F83FE3}"
EndProject
Project("{FAE04EC0-301F-11D3-BF4B-00C04F79EFBC}") = "StaggeredGridView.UWP", "src\Platforms\StaggeredGridView.UWP\StaggeredGridView.UWP.csproj", "{2F366489-44C0-4B19-826C-6ACC81DFBDCF}"
EndProject
Project("{2150E333-8FDC-42A3-9474-1A3956D46DE8}") = "sample", "sample", "{1855BB44-ADD5-4E93-BCB7-A947A5A8ED0D}"
EndProject
Project("{FAE04EC0-301F-11D3-BF4B-00C04F79EFBC}") = "StaggeredGridViewSample", "sample\StaggeredGridViewSample\StaggeredGridViewSample.csproj", "{62C39C8F-4255-4F8D-9DA2-05906111181B}"
EndProject
Project("{2150E333-8FDC-42A3-9474-1A3956D46DE8}") = "platforms", "platforms", "{42F7AE90-EE69-4B34-A4DB-9ECBB6F57A64}"
EndProject
Project("{FAE04EC0-301F-11D3-BF4B-00C04F79EFBC}") = "StaggeredGridViewSample.UWP", "sample\platforms\StaggeredGridViewSample.UWP\StaggeredGridViewSample.UWP.csproj", "{CD562C11-9A8A-4E85-AC56-0F25FE6F4949}"
EndProject
Project("{FAE04EC0-301F-11D3-BF4B-00C04F79EFBC}") = "StaggeredGridViewSample.Droid", "sample\platforms\StaggeredGridViewSample.Droid\StaggeredGridViewSample.Droid.csproj", "{0B0C2A5A-B4F8-4150-B451-75EA15F56596}"
EndProject
Global
	GlobalSection(SolutionConfigurationPlatforms) = preSolution
		Debug|Any CPU = Debug|Any CPU
		Debug|ARM = Debug|ARM
		Debug|x64 = Debug|x64
		Debug|x86 = Debug|x86
		Release|Any CPU = Release|Any CPU
		Release|ARM = Release|ARM
		Release|x64 = Release|x64
		Release|x86 = Release|x86
	EndGlobalSection
	GlobalSection(ProjectConfigurationPlatforms) = postSolution
		{7948F21A-A5F4-49E1-89BE-9A2E0C0A817A}.Debug|Any CPU.ActiveCfg = Debug|Any CPU
		{7948F21A-A5F4-49E1-89BE-9A2E0C0A817A}.Debug|Any CPU.Build.0 = Debug|Any CPU
		{7948F21A-A5F4-49E1-89BE-9A2E0C0A817A}.Debug|ARM.ActiveCfg = Debug|Any CPU
		{7948F21A-A5F4-49E1-89BE-9A2E0C0A817A}.Debug|ARM.Build.0 = Debug|Any CPU
		{7948F21A-A5F4-49E1-89BE-9A2E0C0A817A}.Debug|x64.ActiveCfg = Debug|Any CPU
		{7948F21A-A5F4-49E1-89BE-9A2E0C0A817A}.Debug|x64.Build.0 = Debug|Any CPU
		{7948F21A-A5F4-49E1-89BE-9A2E0C0A817A}.Debug|x86.ActiveCfg = Debug|Any CPU
		{7948F21A-A5F4-49E1-89BE-9A2E0C0A817A}.Debug|x86.Build.0 = Debug|Any CPU
		{7948F21A-A5F4-49E1-89BE-9A2E0C0A817A}.Release|Any CPU.ActiveCfg = Release|Any CPU
		{7948F21A-A5F4-49E1-89BE-9A2E0C0A817A}.Release|Any CPU.Build.0 = Release|Any CPU
		{7948F21A-A5F4-49E1-89BE-9A2E0C0A817A}.Release|ARM.ActiveCfg = Release|Any CPU
		{7948F21A-A5F4-49E1-89BE-9A2E0C0A817A}.Release|ARM.Build.0 = Release|Any CPU
		{7948F21A-A5F4-49E1-89BE-9A2E0C0A817A}.Release|x64.ActiveCfg = Release|Any CPU
		{7948F21A-A5F4-49E1-89BE-9A2E0C0A817A}.Release|x64.Build.0 = Release|Any CPU
		{7948F21A-A5F4-49E1-89BE-9A2E0C0A817A}.Release|x86.ActiveCfg = Release|Any CPU
		{7948F21A-A5F4-49E1-89BE-9A2E0C0A817A}.Release|x86.Build.0 = Release|Any CPU
		{17A6BD39-0991-41FD-A361-F890D48A34F1}.Debug|Any CPU.ActiveCfg = Debug|Any CPU
		{17A6BD39-0991-41FD-A361-F890D48A34F1}.Debug|Any CPU.Build.0 = Debug|Any CPU
		{17A6BD39-0991-41FD-A361-F890D48A34F1}.Debug|ARM.ActiveCfg = Debug|Any CPU
		{17A6BD39-0991-41FD-A361-F890D48A34F1}.Debug|ARM.Build.0 = Debug|Any CPU
		{17A6BD39-0991-41FD-A361-F890D48A34F1}.Debug|x64.ActiveCfg = Debug|Any CPU
		{17A6BD39-0991-41FD-A361-F890D48A34F1}.Debug|x64.Build.0 = Debug|Any CPU
		{17A6BD39-0991-41FD-A361-F890D48A34F1}.Debug|x86.ActiveCfg = Debug|Any CPU
		{17A6BD39-0991-41FD-A361-F890D48A34F1}.Debug|x86.Build.0 = Debug|Any CPU
		{17A6BD39-0991-41FD-A361-F890D48A34F1}.Release|Any CPU.ActiveCfg = Release|Any CPU
		{17A6BD39-0991-41FD-A361-F890D48A34F1}.Release|Any CPU.Build.0 = Release|Any CPU
		{17A6BD39-0991-41FD-A361-F890D48A34F1}.Release|ARM.ActiveCfg = Release|Any CPU
		{17A6BD39-0991-41FD-A361-F890D48A34F1}.Release|ARM.Build.0 = Release|Any CPU
		{17A6BD39-0991-41FD-A361-F890D48A34F1}.Release|x64.ActiveCfg = Release|Any CPU
		{17A6BD39-0991-41FD-A361-F890D48A34F1}.Release|x64.Build.0 = Release|Any CPU
		{17A6BD39-0991-41FD-A361-F890D48A34F1}.Release|x86.ActiveCfg = Release|Any CPU
		{17A6BD39-0991-41FD-A361-F890D48A34F1}.Release|x86.Build.0 = Release|Any CPU
		{BAB1EB1D-546D-45C4-8101-416A61F83FE3}.Debug|Any CPU.ActiveCfg = Debug|Any CPU
		{BAB1EB1D-546D-45C4-8101-416A61F83FE3}.Debug|Any CPU.Build.0 = Debug|Any CPU
		{BAB1EB1D-546D-45C4-8101-416A61F83FE3}.Debug|ARM.ActiveCfg = Debug|Any CPU
		{BAB1EB1D-546D-45C4-8101-416A61F83FE3}.Debug|ARM.Build.0 = Debug|Any CPU
		{BAB1EB1D-546D-45C4-8101-416A61F83FE3}.Debug|x64.ActiveCfg = Debug|Any CPU
		{BAB1EB1D-546D-45C4-8101-416A61F83FE3}.Debug|x64.Build.0 = Debug|Any CPU
		{BAB1EB1D-546D-45C4-8101-416A61F83FE3}.Debug|x86.ActiveCfg = Debug|Any CPU
		{BAB1EB1D-546D-45C4-8101-416A61F83FE3}.Debug|x86.Build.0 = Debug|Any CPU
		{BAB1EB1D-546D-45C4-8101-416A61F83FE3}.Release|Any CPU.ActiveCfg = Release|Any CPU
		{BAB1EB1D-546D-45C4-8101-416A61F83FE3}.Release|Any CPU.Build.0 = Release|Any CPU
		{BAB1EB1D-546D-45C4-8101-416A61F83FE3}.Release|ARM.ActiveCfg = Release|Any CPU
		{BAB1EB1D-546D-45C4-8101-416A61F83FE3}.Release|ARM.Build.0 = Release|Any CPU
		{BAB1EB1D-546D-45C4-8101-416A61F83FE3}.Release|x64.ActiveCfg = Release|Any CPU
		{BAB1EB1D-546D-45C4-8101-416A61F83FE3}.Release|x64.Build.0 = Release|Any CPU
		{BAB1EB1D-546D-45C4-8101-416A61F83FE3}.Release|x86.ActiveCfg = Release|Any CPU
		{BAB1EB1D-546D-45C4-8101-416A61F83FE3}.Release|x86.Build.0 = Release|Any CPU
		{2F366489-44C0-4B19-826C-6ACC81DFBDCF}.Debug|Any CPU.ActiveCfg = Debug|Any CPU
		{2F366489-44C0-4B19-826C-6ACC81DFBDCF}.Debug|Any CPU.Build.0 = Debug|Any CPU
		{2F366489-44C0-4B19-826C-6ACC81DFBDCF}.Debug|ARM.ActiveCfg = Debug|ARM
		{2F366489-44C0-4B19-826C-6ACC81DFBDCF}.Debug|ARM.Build.0 = Debug|ARM
		{2F366489-44C0-4B19-826C-6ACC81DFBDCF}.Debug|x64.ActiveCfg = Debug|x64
		{2F366489-44C0-4B19-826C-6ACC81DFBDCF}.Debug|x64.Build.0 = Debug|x64
		{2F366489-44C0-4B19-826C-6ACC81DFBDCF}.Debug|x86.ActiveCfg = Debug|x86
		{2F366489-44C0-4B19-826C-6ACC81DFBDCF}.Debug|x86.Build.0 = Debug|x86
		{2F366489-44C0-4B19-826C-6ACC81DFBDCF}.Release|Any CPU.ActiveCfg = Release|Any CPU
		{2F366489-44C0-4B19-826C-6ACC81DFBDCF}.Release|Any CPU.Build.0 = Release|Any CPU
		{2F366489-44C0-4B19-826C-6ACC81DFBDCF}.Release|ARM.ActiveCfg = Release|ARM
		{2F366489-44C0-4B19-826C-6ACC81DFBDCF}.Release|ARM.Build.0 = Release|ARM
		{2F366489-44C0-4B19-826C-6ACC81DFBDCF}.Release|x64.ActiveCfg = Release|x64
		{2F366489-44C0-4B19-826C-6ACC81DFBDCF}.Release|x64.Build.0 = Release|x64
		{2F366489-44C0-4B19-826C-6ACC81DFBDCF}.Release|x86.ActiveCfg = Release|x86
		{2F366489-44C0-4B19-826C-6ACC81DFBDCF}.Release|x86.Build.0 = Release|x86
		{62C39C8F-4255-4F8D-9DA2-05906111181B}.Debug|Any CPU.ActiveCfg = Debug|Any CPU
		{62C39C8F-4255-4F8D-9DA2-05906111181B}.Debug|Any CPU.Build.0 = Debug|Any CPU
		{62C39C8F-4255-4F8D-9DA2-05906111181B}.Debug|ARM.ActiveCfg = Debug|Any CPU
		{62C39C8F-4255-4F8D-9DA2-05906111181B}.Debug|ARM.Build.0 = Debug|Any CPU
		{62C39C8F-4255-4F8D-9DA2-05906111181B}.Debug|x64.ActiveCfg = Debug|Any CPU
		{62C39C8F-4255-4F8D-9DA2-05906111181B}.Debug|x64.Build.0 = Debug|Any CPU
		{62C39C8F-4255-4F8D-9DA2-05906111181B}.Debug|x86.ActiveCfg = Debug|Any CPU
		{62C39C8F-4255-4F8D-9DA2-05906111181B}.Debug|x86.Build.0 = Debug|Any CPU
		{62C39C8F-4255-4F8D-9DA2-05906111181B}.Release|Any CPU.ActiveCfg = Release|Any CPU
		{62C39C8F-4255-4F8D-9DA2-05906111181B}.Release|Any CPU.Build.0 = Release|Any CPU
		{62C39C8F-4255-4F8D-9DA2-05906111181B}.Release|ARM.ActiveCfg = Release|Any CPU
		{62C39C8F-4255-4F8D-9DA2-05906111181B}.Release|ARM.Build.0 = Release|Any CPU
		{62C39C8F-4255-4F8D-9DA2-05906111181B}.Release|x64.ActiveCfg = Release|Any CPU
		{62C39C8F-4255-4F8D-9DA2-05906111181B}.Release|x64.Build.0 = Release|Any CPU
		{62C39C8F-4255-4F8D-9DA2-05906111181B}.Release|x86.ActiveCfg = Release|Any CPU
		{62C39C8F-4255-4F8D-9DA2-05906111181B}.Release|x86.Build.0 = Release|Any CPU
		{CD562C11-9A8A-4E85-AC56-0F25FE6F4949}.Debug|Any CPU.ActiveCfg = Debug|x86
		{CD562C11-9A8A-4E85-AC56-0F25FE6F4949}.Debug|ARM.ActiveCfg = Debug|ARM
		{CD562C11-9A8A-4E85-AC56-0F25FE6F4949}.Debug|ARM.Build.0 = Debug|ARM
		{CD562C11-9A8A-4E85-AC56-0F25FE6F4949}.Debug|ARM.Deploy.0 = Debug|ARM
		{CD562C11-9A8A-4E85-AC56-0F25FE6F4949}.Debug|x64.ActiveCfg = Debug|x64
		{CD562C11-9A8A-4E85-AC56-0F25FE6F4949}.Debug|x64.Build.0 = Debug|x64
		{CD562C11-9A8A-4E85-AC56-0F25FE6F4949}.Debug|x64.Deploy.0 = Debug|x64
		{CD562C11-9A8A-4E85-AC56-0F25FE6F4949}.Debug|x86.ActiveCfg = Debug|x86
		{CD562C11-9A8A-4E85-AC56-0F25FE6F4949}.Debug|x86.Build.0 = Debug|x86
		{CD562C11-9A8A-4E85-AC56-0F25FE6F4949}.Debug|x86.Deploy.0 = Debug|x86
		{CD562C11-9A8A-4E85-AC56-0F25FE6F4949}.Release|Any CPU.ActiveCfg = Release|x86
		{CD562C11-9A8A-4E85-AC56-0F25FE6F4949}.Release|ARM.ActiveCfg = Release|ARM
		{CD562C11-9A8A-4E85-AC56-0F25FE6F4949}.Release|ARM.Build.0 = Release|ARM
		{CD562C11-9A8A-4E85-AC56-0F25FE6F4949}.Release|ARM.Deploy.0 = Release|ARM
		{CD562C11-9A8A-4E85-AC56-0F25FE6F4949}.Release|x64.ActiveCfg = Release|x64
		{CD562C11-9A8A-4E85-AC56-0F25FE6F4949}.Release|x64.Build.0 = Release|x64
		{CD562C11-9A8A-4E85-AC56-0F25FE6F4949}.Release|x64.Deploy.0 = Release|x64
		{CD562C11-9A8A-4E85-AC56-0F25FE6F4949}.Release|x86.ActiveCfg = Release|x86
		{CD562C11-9A8A-4E85-AC56-0F25FE6F4949}.Release|x86.Build.0 = Release|x86
		{CD562C11-9A8A-4E85-AC56-0F25FE6F4949}.Release|x86.Deploy.0 = Release|x86
		{0B0C2A5A-B4F8-4150-B451-75EA15F56596}.Debug|Any CPU.ActiveCfg = Debug|Any CPU
		{0B0C2A5A-B4F8-4150-B451-75EA15F56596}.Debug|Any CPU.Build.0 = Debug|Any CPU
		{0B0C2A5A-B4F8-4150-B451-75EA15F56596}.Debug|Any CPU.Deploy.0 = Debug|Any CPU
		{0B0C2A5A-B4F8-4150-B451-75EA15F56596}.Debug|ARM.ActiveCfg = Debug|Any CPU
		{0B0C2A5A-B4F8-4150-B451-75EA15F56596}.Debug|ARM.Build.0 = Debug|Any CPU
		{0B0C2A5A-B4F8-4150-B451-75EA15F56596}.Debug|ARM.Deploy.0 = Debug|Any CPU
		{0B0C2A5A-B4F8-4150-B451-75EA15F56596}.Debug|x64.ActiveCfg = Debug|Any CPU
		{0B0C2A5A-B4F8-4150-B451-75EA15F56596}.Debug|x64.Build.0 = Debug|Any CPU
		{0B0C2A5A-B4F8-4150-B451-75EA15F56596}.Debug|x64.Deploy.0 = Debug|Any CPU
		{0B0C2A5A-B4F8-4150-B451-75EA15F56596}.Debug|x86.ActiveCfg = Debug|Any CPU
		{0B0C2A5A-B4F8-4150-B451-75EA15F56596}.Debug|x86.Build.0 = Debug|Any CPU
		{0B0C2A5A-B4F8-4150-B451-75EA15F56596}.Debug|x86.Deploy.0 = Debug|Any CPU
		{0B0C2A5A-B4F8-4150-B451-75EA15F56596}.Release|Any CPU.ActiveCfg = Release|Any CPU
		{0B0C2A5A-B4F8-4150-B451-75EA15F56596}.Release|Any CPU.Build.0 = Release|Any CPU
		{0B0C2A5A-B4F8-4150-B451-75EA15F56596}.Release|Any CPU.Deploy.0 = Release|Any CPU
		{0B0C2A5A-B4F8-4150-B451-75EA15F56596}.Release|ARM.ActiveCfg = Release|Any CPU
		{0B0C2A5A-B4F8-4150-B451-75EA15F56596}.Release|ARM.Build.0 = Release|Any CPU
		{0B0C2A5A-B4F8-4150-B451-75EA15F56596}.Release|ARM.Deploy.0 = Release|Any CPU
		{0B0C2A5A-B4F8-4150-B451-75EA15F56596}.Release|x64.ActiveCfg = Release|Any CPU
		{0B0C2A5A-B4F8-4150-B451-75EA15F56596}.Release|x64.Build.0 = Release|Any CPU
		{0B0C2A5A-B4F8-4150-B451-75EA15F56596}.Release|x64.Deploy.0 = Release|Any CPU
		{0B0C2A5A-B4F8-4150-B451-75EA15F56596}.Release|x86.ActiveCfg = Release|Any CPU
		{0B0C2A5A-B4F8-4150-B451-75EA15F56596}.Release|x86.Build.0 = Release|Any CPU
		{0B0C2A5A-B4F8-4150-B451-75EA15F56596}.Release|x86.Deploy.0 = Release|Any CPU
	EndGlobalSection
	GlobalSection(SolutionProperties) = preSolution
		HideSolutionNode = FALSE
	EndGlobalSection
	GlobalSection(NestedProjects) = preSolution
		{4AC26E12-0D30-42AB-AC58-B11CFE8B2646} = {51749A99-8C1D-4344-915A-C3CB43042735}
		{7948F21A-A5F4-49E1-89BE-9A2E0C0A817A} = {51749A99-8C1D-4344-915A-C3CB43042735}
		{17A6BD39-0991-41FD-A361-F890D48A34F1} = {4AC26E12-0D30-42AB-AC58-B11CFE8B2646}
		{BAB1EB1D-546D-45C4-8101-416A61F83FE3} = {4AC26E12-0D30-42AB-AC58-B11CFE8B2646}
		{2F366489-44C0-4B19-826C-6ACC81DFBDCF} = {4AC26E12-0D30-42AB-AC58-B11CFE8B2646}
		{62C39C8F-4255-4F8D-9DA2-05906111181B} = {1855BB44-ADD5-4E93-BCB7-A947A5A8ED0D}
		{42F7AE90-EE69-4B34-A4DB-9ECBB6F57A64} = {1855BB44-ADD5-4E93-BCB7-A947A5A8ED0D}
		{CD562C11-9A8A-4E85-AC56-0F25FE6F4949} = {42F7AE90-EE69-4B34-A4DB-9ECBB6F57A64}
		{0B0C2A5A-B4F8-4150-B451-75EA15F56596} = {42F7AE90-EE69-4B34-A4DB-9ECBB6F57A64}
	EndGlobalSection
	GlobalSection(ExtensibilityGlobals) = postSolution
		SolutionGuid = {4E016653-D8C2-45FF-A20E-ED49C6F7A48A}
	EndGlobalSection
EndGlobal
